# @generated by Move, please check-in and do not edit manually.

[move]
version = 3
manifest_digest = "C00506FE57BBA2D3D16AF2EFEF7F5C765A29F1AAD2F9880D43ADA08E30DD61CB"
deps_digest = "52B406A7A21811BEF51751CF88DA0E76DAEFFEAC888D4F4060B1A72BBE7D8D35"
dependencies = [
  { id = "Bridge", name = "Bridge" },
  { id = "DeepBook", name = "DeepBook" },
  { id = "MoveStdlib", name = "MoveStdlib" },
  { id = "Sui", name = "Sui" },
  { id = "SuiSystem", name = "SuiSystem" },
  { id = "faucet_coin", name = "faucet_coin" },
]

[[move.package]]
id = "Bridge"
source = { git = "https://github.com/MystenLabs/sui.git", rev = "04f11afaf5e0", subdir = "crates/sui-framework/packages/bridge" }

dependencies = [
  { id = "MoveStdlib", name = "MoveStdlib" },
  { id = "Sui", name = "Sui" },
  { id = "SuiSystem", name = "SuiSystem" },
]

[[move.package]]
id = "DeepBook"
source = { git = "https://github.com/MystenLabs/sui.git", rev = "04f11afaf5e0", subdir = "crates/sui-framework/packages/deepbook" }

dependencies = [
  { id = "MoveStdlib", name = "MoveStdlib" },
  { id = "Sui", name = "Sui" },
]

[[move.package]]
id = "MoveStdlib"
source = { git = "https://github.com/MystenLabs/sui.git", rev = "04f11afaf5e0", subdir = "crates/sui-framework/packages/move-stdlib" }

[[move.package]]
id = "Sui"
source = { git = "https://github.com/MystenLabs/sui.git", rev = "04f11afaf5e0", subdir = "crates/sui-framework/packages/sui-framework" }

dependencies = [
  { id = "MoveStdlib", name = "MoveStdlib" },
]

[[move.package]]
id = "SuiSystem"
source = { git = "https://github.com/MystenLabs/sui.git", rev = "04f11afaf5e0", subdir = "crates/sui-framework/packages/sui-system" }

dependencies = [
  { id = "MoveStdlib", name = "MoveStdlib" },
  { id = "Sui", name = "Sui" },
]

[[move.package]]
id = "faucet_coin"
source = { git = "https://github.com/pwh-pwh/faucet_coin_sui.git", rev = "master", subdir = "" }

dependencies = [
  { id = "Sui", name = "Sui" },
]

[move.toolchain-version]
compiler-version = "1.46.0"
edition = "2024.beta"
flavor = "sui"

[env]

[env.testnet]
chain-id = "4c78adac"
original-published-id = "0x14bcf15aec0345e0c77650b8969839fdfa6f1a1958a4d0151e2d001930f7f0de"
latest-published-id = "0x14bcf15aec0345e0c77650b8969839fdfa6f1a1958a4d0151e2d001930f7f0de"
published-version = "1"

[env.mainnet]
chain-id = "35834a8a"
original-published-id = "0xb97f0a8843164802ce3333b4e2ba1c8410bebde6aa711aee148e65a0dd7ecc3a"
latest-published-id = "0xb97f0a8843164802ce3333b4e2ba1c8410bebde6aa711aee148e65a0dd7ecc3a"
published-version = "1"
